
Microsoft Visual Studio Solution File, Format Version 12.00
# Visual Studio 15
Project("{FAE04EC0-301F-11D3-BF4B-00C04F79EFBC}") = "BookListRazor", "BookListRazor\BookListRazor.csproj", "{6BE6425A-F78A-49CD-975E-2B4D10685B2E}"
EndProject
Project("{2150E333-8FDC-42A3-9474-1A3956D46DE8}") = "Solution Items", "Solution Items", "{2A8F8E20-A0A3-4BEC-B0B9-98C91AE23B93}"
	ProjectSection(SolutionItems) = preProject
		.gitignore = .gitignore
	EndProjectSection
EndProject
Global
	GlobalSection(SolutionConfigurationPlatforms) = preSolution
		Debug|Any CPU = Debug|Any CPU
		Release|Any CPU = Release|Any CPU
	EndGlobalSection
	GlobalSection(ProjectConfigurationPlatforms) = postSolution
		{6BE6425A-F78A-49CD-975E-2B4D10685B2E}.Debug|Any CPU.ActiveCfg = Debug|Any CPU
		{6BE6425A-F78A-49CD-975E-2B4D10685B2E}.Debug|Any CPU.Build.0 = Debug|Any CPU
		{6BE6425A-F78A-49CD-975E-2B4D10685B2E}.Release|Any CPU.ActiveCfg = Release|Any CPU
		{6BE6425A-F78A-49CD-975E-2B4D10685B2E}.Release|Any CPU.Build.0 = Release|Any CPU
	EndGlobalSection
EndGlobal
